// !$*UTF8*$!
{
	archiveVersion = 1;
	classes = {
	};
	objectVersion = 56;
	objects = {

/* Begin PBXBuildFile section */
		C40C1EB2292E66B1002EF976 /* ShareSheet.swift in Sources */ = {isa = PBXBuildFile; fileRef = C40C1EB1292E66B1002EF976 /* ShareSheet.swift */; };
		C40C1EB4292E66E9002EF976 /* SpeechSynthesis.swift in Sources */ = {isa = PBXBuildFile; fileRef = C40C1EB3292E66E9002EF976 /* SpeechSynthesis.swift */; };
		C40C1EB7292E670C002EF976 /* View+Extension.swift in Sources */ = {isa = PBXBuildFile; fileRef = C40C1EB6292E670C002EF976 /* View+Extension.swift */; };
		C40C1EB9292E679E002EF976 /* DictionaryReference.swift in Sources */ = {isa = PBXBuildFile; fileRef = C40C1EB8292E679E002EF976 /* DictionaryReference.swift */; };
		C40C1EBB292E6D8D002EF976 /* IpadCheck.swift in Sources */ = {isa = PBXBuildFile; fileRef = C40C1EBA292E6D8D002EF976 /* IpadCheck.swift */; };
		C40C1EBE292E73DF002EF976 /* JamoList.swift in Sources */ = {isa = PBXBuildFile; fileRef = C40C1EBD292E73DF002EF976 /* JamoList.swift */; };
		C40C1EC0292E73FA002EF976 /* ActionButtons.swift in Sources */ = {isa = PBXBuildFile; fileRef = C40C1EBF292E73FA002EF976 /* ActionButtons.swift */; };
		C40C1EC2292E743A002EF976 /* Details.swift in Sources */ = {isa = PBXBuildFile; fileRef = C40C1EC1292E743A002EF976 /* Details.swift */; };
		C40C1EC4292E7451002EF976 /* KoreanWord.swift in Sources */ = {isa = PBXBuildFile; fileRef = C40C1EC3292E7451002EF976 /* KoreanWord.swift */; };
		C42CEBAB292F205E000D7F3C /* InformationView.swift in Sources */ = {isa = PBXBuildFile; fileRef = C42CEBAA292F205E000D7F3C /* InformationView.swift */; };
		C42CEBB0292F28AF000D7F3C /* HangulPraciticeInApp.storekit in Resources */ = {isa = PBXBuildFile; fileRef = C42CEBAF292F28AF000D7F3C /* HangulPraciticeInApp.storekit */; };
		C42CEBB2292F2BEA000D7F3C /* StoreKitSupport.swift in Sources */ = {isa = PBXBuildFile; fileRef = C42CEBB1292F2BEA000D7F3C /* StoreKitSupport.swift */; };
		C44C82492925F07E00C17640 /* kodict_entry.txt in Resources */ = {isa = PBXBuildFile; fileRef = C44C82482925F07E00C17640 /* kodict_entry.txt */; };
		C475CE722926B03F004D10FF /* Jamo.swift in Sources */ = {isa = PBXBuildFile; fileRef = C475CE712926B03F004D10FF /* Jamo.swift */; };
		C4911F472925E6E800E0AE7A /* hangul_practiceApp.swift in Sources */ = {isa = PBXBuildFile; fileRef = C4911F462925E6E800E0AE7A /* hangul_practiceApp.swift */; };
		C4911F492925E6E800E0AE7A /* ContentView.swift in Sources */ = {isa = PBXBuildFile; fileRef = C4911F482925E6E800E0AE7A /* ContentView.swift */; };
		C4911F4B2925E6E900E0AE7A /* Assets.xcassets in Resources */ = {isa = PBXBuildFile; fileRef = C4911F4A2925E6E900E0AE7A /* Assets.xcassets */; };
		C4911F4E2925E6E900E0AE7A /* Preview Assets.xcassets in Resources */ = {isa = PBXBuildFile; fileRef = C4911F4D2925E6E900E0AE7A /* Preview Assets.xcassets */; };
		C4977C5D292822DE0089F41B /* WordViewModel.swift in Sources */ = {isa = PBXBuildFile; fileRef = C4977C5C292822DE0089F41B /* WordViewModel.swift */; };
		C4B4643229273A8800AF4343 /* SwiftyTranslate in Frameworks */ = {isa = PBXBuildFile; productRef = C4B4643129273A8800AF4343 /* SwiftyTranslate */; };
		C4F13C8F292ADF7800DF5804 /* HangulDisAssemble in Frameworks */ = {isa = PBXBuildFile; productRef = C4F13C8E292ADF7800DF5804 /* HangulDisAssemble */; };
		C4F13C91292AEB5600DF5804 /* LaunchScreen.storyboard in Resources */ = {isa = PBXBuildFile; fileRef = C4F13C90292AEB5600DF5804 /* LaunchScreen.storyboard */; };
/* End PBXBuildFile section */

/* Begin PBXFileReference section */
		C40C1EB1292E66B1002EF976 /* ShareSheet.swift */ = {isa = PBXFileReference; lastKnownFileType = sourcecode.swift; path = ShareSheet.swift; sourceTree = "<group>"; };
		C40C1EB3292E66E9002EF976 /* SpeechSynthesis.swift */ = {isa = PBXFileReference; lastKnownFileType = sourcecode.swift; path = SpeechSynthesis.swift; sourceTree = "<group>"; };
		C40C1EB6292E670C002EF976 /* View+Extension.swift */ = {isa = PBXFileReference; lastKnownFileType = sourcecode.swift; path = "View+Extension.swift"; sourceTree = "<group>"; };
		C40C1EB8292E679E002EF976 /* DictionaryReference.swift */ = {isa = PBXFileReference; lastKnownFileType = sourcecode.swift; path = DictionaryReference.swift; sourceTree = "<group>"; };
		C40C1EBA292E6D8D002EF976 /* IpadCheck.swift */ = {isa = PBXFileReference; lastKnownFileType = sourcecode.swift; path = IpadCheck.swift; sourceTree = "<group>"; };
		C40C1EBD292E73DF002EF976 /* JamoList.swift */ = {isa = PBXFileReference; lastKnownFileType = sourcecode.swift; path = JamoList.swift; sourceTree = "<group>"; };
		C40C1EBF292E73FA002EF976 /* ActionButtons.swift */ = {isa = PBXFileReference; lastKnownFileType = sourcecode.swift; path = ActionButtons.swift; sourceTree = "<group>"; };
		C40C1EC1292E743A002EF976 /* Details.swift */ = {isa = PBXFileReference; lastKnownFileType = sourcecode.swift; path = Details.swift; sourceTree = "<group>"; };
		C40C1EC3292E7451002EF976 /* KoreanWord.swift */ = {isa = PBXFileReference; lastKnownFileType = sourcecode.swift; path = KoreanWord.swift; sourceTree = "<group>"; };
		C42CEBAA292F205E000D7F3C /* InformationView.swift */ = {isa = PBXFileReference; lastKnownFileType = sourcecode.swift; path = InformationView.swift; sourceTree = "<group>"; };
		C42CEBAF292F28AF000D7F3C /* HangulPraciticeInApp.storekit */ = {isa = PBXFileReference; lastKnownFileType = text; path = HangulPraciticeInApp.storekit; sourceTree = "<group>"; };
		C42CEBB1292F2BEA000D7F3C /* StoreKitSupport.swift */ = {isa = PBXFileReference; lastKnownFileType = sourcecode.swift; path = StoreKitSupport.swift; sourceTree = "<group>"; };
		C44C82482925F07E00C17640 /* kodict_entry.txt */ = {isa = PBXFileReference; fileEncoding = 4; lastKnownFileType = text; path = kodict_entry.txt; sourceTree = "<group>"; };
		C475CE712926B03F004D10FF /* Jamo.swift */ = {isa = PBXFileReference; lastKnownFileType = sourcecode.swift; path = Jamo.swift; sourceTree = "<group>"; };
		C4911F432925E6E800E0AE7A /* hangul-practice.app */ = {isa = PBXFileReference; explicitFileType = wrapper.application; includeInIndex = 0; path = "hangul-practice.app"; sourceTree = BUILT_PRODUCTS_DIR; };
		C4911F462925E6E800E0AE7A /* hangul_practiceApp.swift */ = {isa = PBXFileReference; lastKnownFileType = sourcecode.swift; path = hangul_practiceApp.swift; sourceTree = "<group>"; };
		C4911F482925E6E800E0AE7A /* ContentView.swift */ = {isa = PBXFileReference; lastKnownFileType = sourcecode.swift; path = ContentView.swift; sourceTree = "<group>"; };
		C4911F4A2925E6E900E0AE7A /* Assets.xcassets */ = {isa = PBXFileReference; lastKnownFileType = folder.assetcatalog; path = Assets.xcassets; sourceTree = "<group>"; };
		C4911F4D2925E6E900E0AE7A /* Preview Assets.xcassets */ = {isa = PBXFileReference; lastKnownFileType = folder.assetcatalog; path = "Preview Assets.xcassets"; sourceTree = "<group>"; };
		C4977C5C292822DE0089F41B /* WordViewModel.swift */ = {isa = PBXFileReference; lastKnownFileType = sourcecode.swift; path = WordViewModel.swift; sourceTree = "<group>"; };
		C4F13C87292ADD9F00DF5804 /* hangul-dis-assemble */ = {isa = PBXFileReference; lastKnownFileType = wrapper; name = "hangul-dis-assemble"; path = "../hangul-dis-assemble"; sourceTree = "<group>"; };
		C4F13C88292ADDBC00DF5804 /* hangul-dis-assemble */ = {isa = PBXFileReference; lastKnownFileType = wrapper; name = "hangul-dis-assemble"; path = "../hangul-dis-assemble"; sourceTree = "<group>"; };
		C4F13C89292ADF0B00DF5804 /* hangul-dis-assemble */ = {isa = PBXFileReference; lastKnownFileType = wrapper; name = "hangul-dis-assemble"; path = "../hangul-dis-assemble"; sourceTree = "<group>"; };
		C4F13C90292AEB5600DF5804 /* LaunchScreen.storyboard */ = {isa = PBXFileReference; lastKnownFileType = file.storyboard; path = LaunchScreen.storyboard; sourceTree = "<group>"; };
/* End PBXFileReference section */

/* Begin PBXFrameworksBuildPhase section */
		C4911F402925E6E800E0AE7A /* Frameworks */ = {
			isa = PBXFrameworksBuildPhase;
			buildActionMask = 2147483647;
			files = (
				C4F13C8F292ADF7800DF5804 /* HangulDisAssemble in Frameworks */,
				C4B4643229273A8800AF4343 /* SwiftyTranslate in Frameworks */,
			);
			runOnlyForDeploymentPostprocessing = 0;
		};
/* End PBXFrameworksBuildPhase section */

/* Begin PBXGroup section */
		C40C1EB0292E6696002EF976 /* Utils */ = {
			isa = PBXGroup;
			children = (
				C475CE712926B03F004D10FF /* Jamo.swift */,
				C40C1EB1292E66B1002EF976 /* ShareSheet.swift */,
				C40C1EB3292E66E9002EF976 /* SpeechSynthesis.swift */,
				C40C1EB8292E679E002EF976 /* DictionaryReference.swift */,
				C40C1EBA292E6D8D002EF976 /* IpadCheck.swift */,
			);
			path = Utils;
			sourceTree = "<group>";
		};
		C40C1EB5292E66FF002EF976 /* Extensions */ = {
			isa = PBXGroup;
			children = (
				C40C1EB6292E670C002EF976 /* View+Extension.swift */,
			);
			path = Extensions;
			sourceTree = "<group>";
		};
		C40C1EBC292E73D1002EF976 /* Views */ = {
			isa = PBXGroup;
			children = (
				C4911F482925E6E800E0AE7A /* ContentView.swift */,
				C40C1EBD292E73DF002EF976 /* JamoList.swift */,
				C40C1EBF292E73FA002EF976 /* ActionButtons.swift */,
				C40C1EC1292E743A002EF976 /* Details.swift */,
				C40C1EC3292E7451002EF976 /* KoreanWord.swift */,
				C42CEBAA292F205E000D7F3C /* InformationView.swift */,
			);
			path = Views;
			sourceTree = "<group>";
		};
		C44C82472925F07300C17640 /* dataset */ = {
			isa = PBXGroup;
			children = (
				C44C82482925F07E00C17640 /* kodict_entry.txt */,
			);
			path = dataset;
			sourceTree = "<group>";
		};
		C4911F3A2925E6E700E0AE7A = {
			isa = PBXGroup;
			children = (
				C4F13C86292ADD9F00DF5804 /* Packages */,
				C4911F452925E6E800E0AE7A /* hangul-practice */,
				C4911F442925E6E800E0AE7A /* Products */,
				C4F13C8A292ADF2300DF5804 /* Frameworks */,
			);
			sourceTree = "<group>";
		};
		C4911F442925E6E800E0AE7A /* Products */ = {
			isa = PBXGroup;
			children = (
				C4911F432925E6E800E0AE7A /* hangul-practice.app */,
			);
			name = Products;
			sourceTree = "<group>";
		};
		C4911F452925E6E800E0AE7A /* hangul-practice */ = {
			isa = PBXGroup;
			children = (
				C40C1EBC292E73D1002EF976 /* Views */,
				C40C1EB5292E66FF002EF976 /* Extensions */,
				C40C1EB0292E6696002EF976 /* Utils */,
				C4F13C95292AF18700DF5804 /* Resources */,
				C4977C5B292822D10089F41B /* ViewModels */,
				C4911F462925E6E800E0AE7A /* hangul_practiceApp.swift */,
				C4911F4C2925E6E900E0AE7A /* Preview Content */,
				C4F13C90292AEB5600DF5804 /* LaunchScreen.storyboard */,
				C42CEBAF292F28AF000D7F3C /* HangulPraciticeInApp.storekit */,
			);
			path = "hangul-practice";
			sourceTree = "<group>";
		};
		C4911F4C2925E6E900E0AE7A /* Preview Content */ = {
			isa = PBXGroup;
			children = (
				C4911F4D2925E6E900E0AE7A /* Preview Assets.xcassets */,
			);
			path = "Preview Content";
			sourceTree = "<group>";
		};
		C4977C5B292822D10089F41B /* ViewModels */ = {
			isa = PBXGroup;
			children = (
				C4977C5C292822DE0089F41B /* WordViewModel.swift */,
				C42CEBB1292F2BEA000D7F3C /* StoreKitSupport.swift */,
			);
			path = ViewModels;
			sourceTree = "<group>";
		};
		C4F13C86292ADD9F00DF5804 /* Packages */ = {
			isa = PBXGroup;
			children = (
				C4F13C87292ADD9F00DF5804 /* hangul-dis-assemble */,
				C4F13C88292ADDBC00DF5804 /* hangul-dis-assemble */,
				C4F13C89292ADF0B00DF5804 /* hangul-dis-assemble */,
			);
			name = Packages;
			sourceTree = "<group>";
		};
		C4F13C8A292ADF2300DF5804 /* Frameworks */ = {
			isa = PBXGroup;
			children = (
			);
			name = Frameworks;
			sourceTree = "<group>";
		};
		C4F13C95292AF18700DF5804 /* Resources */ = {
			isa = PBXGroup;
			children = (
				C4911F4A2925E6E900E0AE7A /* Assets.xcassets */,
				C44C82472925F07300C17640 /* dataset */,
			);
			path = Resources;
			sourceTree = "<group>";
		};
/* End PBXGroup section */

/* Begin PBXNativeTarget section */
		C4911F422925E6E800E0AE7A /* hangul-practice */ = {
			isa = PBXNativeTarget;
			buildConfigurationList = C4911F512925E6E900E0AE7A /* Build configuration list for PBXNativeTarget "hangul-practice" */;
			buildPhases = (
				C4911F3F2925E6E800E0AE7A /* Sources */,
				C4911F402925E6E800E0AE7A /* Frameworks */,
				C4911F412925E6E800E0AE7A /* Resources */,
			);
			buildRules = (
			);
			dependencies = (
			);
			name = "hangul-practice";
			packageProductDependencies = (
				C4B4643129273A8800AF4343 /* SwiftyTranslate */,
				C4F13C8E292ADF7800DF5804 /* HangulDisAssemble */,
			);
			productName = "hangul-practice";
			productReference = C4911F432925E6E800E0AE7A /* hangul-practice.app */;
			productType = "com.apple.product-type.application";
		};
/* End PBXNativeTarget section */

/* Begin PBXProject section */
		C4911F3B2925E6E700E0AE7A /* Project object */ = {
			isa = PBXProject;
			attributes = {
				BuildIndependentTargetsInParallel = 1;
				LastSwiftUpdateCheck = 1400;
				LastUpgradeCheck = 1400;
				TargetAttributes = {
					C4911F422925E6E800E0AE7A = {
						CreatedOnToolsVersion = 14.0.1;
					};
				};
			};
			buildConfigurationList = C4911F3E2925E6E700E0AE7A /* Build configuration list for PBXProject "hangul-practice" */;
			compatibilityVersion = "Xcode 14.0";
			developmentRegion = en;
			hasScannedForEncodings = 0;
			knownRegions = (
				en,
				Base,
			);
			mainGroup = C4911F3A2925E6E700E0AE7A;
			packageReferences = (
				C4B4643029273A8800AF4343 /* XCRemoteSwiftPackageReference "SwiftyTranslate" */,
				C4F13C8D292ADF7800DF5804 /* XCRemoteSwiftPackageReference "hangul-dis-assemble" */,
			);
			productRefGroup = C4911F442925E6E800E0AE7A /* Products */;
			projectDirPath = "";
			projectRoot = "";
			targets = (
				C4911F422925E6E800E0AE7A /* hangul-practice */,
			);
		};
/* End PBXProject section */

/* Begin PBXResourcesBuildPhase section */
		C4911F412925E6E800E0AE7A /* Resources */ = {
			isa = PBXResourcesBuildPhase;
			buildActionMask = 2147483647;
			files = (
				C44C82492925F07E00C17640 /* kodict_entry.txt in Resources */,
				C4911F4E2925E6E900E0AE7A /* Preview Assets.xcassets in Resources */,
				C4911F4B2925E6E900E0AE7A /* Assets.xcassets in Resources */,
				C4F13C91292AEB5600DF5804 /* LaunchScreen.storyboard in Resources */,
				C42CEBB0292F28AF000D7F3C /* HangulPraciticeInApp.storekit in Resources */,
			);
			runOnlyForDeploymentPostprocessing = 0;
		};
/* End PBXResourcesBuildPhase section */

/* Begin PBXSourcesBuildPhase section */
		C4911F3F2925E6E800E0AE7A /* Sources */ = {
			isa = PBXSourcesBuildPhase;
			buildActionMask = 2147483647;
			files = (
				C40C1EC0292E73FA002EF976 /* ActionButtons.swift in Sources */,
				C40C1EBB292E6D8D002EF976 /* IpadCheck.swift in Sources */,
				C40C1EC2292E743A002EF976 /* Details.swift in Sources */,
				C475CE722926B03F004D10FF /* Jamo.swift in Sources */,
				C42CEBB2292F2BEA000D7F3C /* StoreKitSupport.swift in Sources */,
				C40C1EB9292E679E002EF976 /* DictionaryReference.swift in Sources */,
				C40C1EB2292E66B1002EF976 /* ShareSheet.swift in Sources */,
				C4977C5D292822DE0089F41B /* WordViewModel.swift in Sources */,
				C42CEBAB292F205E000D7F3C /* InformationView.swift in Sources */,
				C4911F492925E6E800E0AE7A /* ContentView.swift in Sources */,
				C40C1EBE292E73DF002EF976 /* JamoList.swift in Sources */,
				C40C1EB4292E66E9002EF976 /* SpeechSynthesis.swift in Sources */,
				C40C1EB7292E670C002EF976 /* View+Extension.swift in Sources */,
				C4911F472925E6E800E0AE7A /* hangul_practiceApp.swift in Sources */,
				C40C1EC4292E7451002EF976 /* KoreanWord.swift in Sources */,
			);
			runOnlyForDeploymentPostprocessing = 0;
		};
/* End PBXSourcesBuildPhase section */

/* Begin XCBuildConfiguration section */
		C4911F4F2925E6E900E0AE7A /* Debug */ = {
			isa = XCBuildConfiguration;
			buildSettings = {
				ALWAYS_SEARCH_USER_PATHS = NO;
				CLANG_ANALYZER_NONNULL = YES;
				CLANG_ANALYZER_NUMBER_OBJECT_CONVERSION = YES_AGGRESSIVE;
				CLANG_CXX_LANGUAGE_STANDARD = "gnu++20";
				CLANG_ENABLE_MODULES = YES;
				CLANG_ENABLE_OBJC_ARC = YES;
				CLANG_ENABLE_OBJC_WEAK = YES;
				CLANG_WARN_BLOCK_CAPTURE_AUTORELEASING = YES;
				CLANG_WARN_BOOL_CONVERSION = YES;
				CLANG_WARN_COMMA = YES;
				CLANG_WARN_CONSTANT_CONVERSION = YES;
				CLANG_WARN_DEPRECATED_OBJC_IMPLEMENTATIONS = YES;
				CLANG_WARN_DIRECT_OBJC_ISA_USAGE = YES_ERROR;
				CLANG_WARN_DOCUMENTATION_COMMENTS = YES;
				CLANG_WARN_EMPTY_BODY = YES;
				CLANG_WARN_ENUM_CONVERSION = YES;
				CLANG_WARN_INFINITE_RECURSION = YES;
				CLANG_WARN_INT_CONVERSION = YES;
				CLANG_WARN_NON_LITERAL_NULL_CONVERSION = YES;
				CLANG_WARN_OBJC_IMPLICIT_RETAIN_SELF = YES;
				CLANG_WARN_OBJC_LITERAL_CONVERSION = YES;
				CLANG_WARN_OBJC_ROOT_CLASS = YES_ERROR;
				CLANG_WARN_QUOTED_INCLUDE_IN_FRAMEWORK_HEADER = YES;
				CLANG_WARN_RANGE_LOOP_ANALYSIS = YES;
				CLANG_WARN_STRICT_PROTOTYPES = YES;
				CLANG_WARN_SUSPICIOUS_MOVE = YES;
				CLANG_WARN_UNGUARDED_AVAILABILITY = YES_AGGRESSIVE;
				CLANG_WARN_UNREACHABLE_CODE = YES;
				CLANG_WARN__DUPLICATE_METHOD_MATCH = YES;
				COPY_PHASE_STRIP = NO;
				DEBUG_INFORMATION_FORMAT = dwarf;
				ENABLE_STRICT_OBJC_MSGSEND = YES;
				ENABLE_TESTABILITY = YES;
				GCC_C_LANGUAGE_STANDARD = gnu11;
				GCC_DYNAMIC_NO_PIC = NO;
				GCC_NO_COMMON_BLOCKS = YES;
				GCC_OPTIMIZATION_LEVEL = 0;
				GCC_PREPROCESSOR_DEFINITIONS = (
					"DEBUG=1",
					"$(inherited)",
				);
				GCC_WARN_64_TO_32_BIT_CONVERSION = YES;
				GCC_WARN_ABOUT_RETURN_TYPE = YES_ERROR;
				GCC_WARN_UNDECLARED_SELECTOR = YES;
				GCC_WARN_UNINITIALIZED_AUTOS = YES_AGGRESSIVE;
				GCC_WARN_UNUSED_FUNCTION = YES;
				GCC_WARN_UNUSED_VARIABLE = YES;
				IPHONEOS_DEPLOYMENT_TARGET = 15.0;
				MTL_ENABLE_DEBUG_INFO = INCLUDE_SOURCE;
				MTL_FAST_MATH = YES;
				ONLY_ACTIVE_ARCH = YES;
				SDKROOT = iphoneos;
				SWIFT_ACTIVE_COMPILATION_CONDITIONS = DEBUG;
				SWIFT_OPTIMIZATION_LEVEL = "-Onone";
			};
			name = Debug;
		};
		C4911F502925E6E900E0AE7A /* Release */ = {
			isa = XCBuildConfiguration;
			buildSettings = {
				ALWAYS_SEARCH_USER_PATHS = NO;
				CLANG_ANALYZER_NONNULL = YES;
				CLANG_ANALYZER_NUMBER_OBJECT_CONVERSION = YES_AGGRESSIVE;
				CLANG_CXX_LANGUAGE_STANDARD = "gnu++20";
				CLANG_ENABLE_MODULES = YES;
				CLANG_ENABLE_OBJC_ARC = YES;
				CLANG_ENABLE_OBJC_WEAK = YES;
				CLANG_WARN_BLOCK_CAPTURE_AUTORELEASING = YES;
				CLANG_WARN_BOOL_CONVERSION = YES;
				CLANG_WARN_COMMA = YES;
				CLANG_WARN_CONSTANT_CONVERSION = YES;
				CLANG_WARN_DEPRECATED_OBJC_IMPLEMENTATIONS = YES;
				CLANG_WARN_DIRECT_OBJC_ISA_USAGE = YES_ERROR;
				CLANG_WARN_DOCUMENTATION_COMMENTS = YES;
				CLANG_WARN_EMPTY_BODY = YES;
				CLANG_WARN_ENUM_CONVERSION = YES;
				CLANG_WARN_INFINITE_RECURSION = YES;
				CLANG_WARN_INT_CONVERSION = YES;
				CLANG_WARN_NON_LITERAL_NULL_CONVERSION = YES;
				CLANG_WARN_OBJC_IMPLICIT_RETAIN_SELF = YES;
				CLANG_WARN_OBJC_LITERAL_CONVERSION = YES;
				CLANG_WARN_OBJC_ROOT_CLASS = YES_ERROR;
				CLANG_WARN_QUOTED_INCLUDE_IN_FRAMEWORK_HEADER = YES;
				CLANG_WARN_RANGE_LOOP_ANALYSIS = YES;
				CLANG_WARN_STRICT_PROTOTYPES = YES;
				CLANG_WARN_SUSPICIOUS_MOVE = YES;
				CLANG_WARN_UNGUARDED_AVAILABILITY = YES_AGGRESSIVE;
				CLANG_WARN_UNREACHABLE_CODE = YES;
				CLANG_WARN__DUPLICATE_METHOD_MATCH = YES;
				COPY_PHASE_STRIP = NO;
				DEBUG_INFORMATION_FORMAT = "dwarf-with-dsym";
				ENABLE_NS_ASSERTIONS = NO;
				ENABLE_STRICT_OBJC_MSGSEND = YES;
				GCC_C_LANGUAGE_STANDARD = gnu11;
				GCC_NO_COMMON_BLOCKS = YES;
				GCC_WARN_64_TO_32_BIT_CONVERSION = YES;
				GCC_WARN_ABOUT_RETURN_TYPE = YES_ERROR;
				GCC_WARN_UNDECLARED_SELECTOR = YES;
				GCC_WARN_UNINITIALIZED_AUTOS = YES_AGGRESSIVE;
				GCC_WARN_UNUSED_FUNCTION = YES;
				GCC_WARN_UNUSED_VARIABLE = YES;
				IPHONEOS_DEPLOYMENT_TARGET = 15.0;
				MTL_ENABLE_DEBUG_INFO = NO;
				MTL_FAST_MATH = YES;
				SDKROOT = iphoneos;
				SWIFT_COMPILATION_MODE = wholemodule;
				SWIFT_OPTIMIZATION_LEVEL = "-O";
				VALIDATE_PRODUCT = YES;
			};
			name = Release;
		};
		C4911F522925E6E900E0AE7A /* Debug */ = {
			isa = XCBuildConfiguration;
			buildSettings = {
				ASSETCATALOG_COMPILER_APPICON_NAME = AppIcon;
				ASSETCATALOG_COMPILER_GLOBAL_ACCENT_COLOR_NAME = AccentColor;
				CODE_SIGN_IDENTITY = "Apple Development";
				CODE_SIGN_STYLE = Automatic;
				CURRENT_PROJECT_VERSION = 1;
				DEVELOPMENT_ASSET_PATHS = "\"hangul-practice/Preview Content\"";
				DEVELOPMENT_TEAM = UZ92ZC5M3A;
				ENABLE_PREVIEWS = YES;
				GENERATE_INFOPLIST_FILE = YES;
				INFOPLIST_FILE = "hangul-practice/Info.plist";
				INFOPLIST_KEY_CFBundleDisplayName = Hangul;
				INFOPLIST_KEY_LSApplicationCategoryType = "public.app-category.education";
				INFOPLIST_KEY_UIApplicationSceneManifest_Generation = YES;
				INFOPLIST_KEY_UIApplicationSupportsIndirectInputEvents = YES;
				INFOPLIST_KEY_UILaunchScreen_Generation = YES;
				INFOPLIST_KEY_UILaunchStoryboardName = LaunchScreen.storyboard;
				INFOPLIST_KEY_UISupportedInterfaceOrientations_iPad = "UIInterfaceOrientationPortrait UIInterfaceOrientationPortraitUpsideDown UIInterfaceOrientationLandscapeLeft UIInterfaceOrientationLandscapeRight";
				INFOPLIST_KEY_UISupportedInterfaceOrientations_iPhone = "UIInterfaceOrientationPortrait UIInterfaceOrientationLandscapeLeft UIInterfaceOrientationLandscapeRight";
				LD_RUNPATH_SEARCH_PATHS = (
					"$(inherited)",
					"@executable_path/Frameworks",
				);
				MARKETING_VERSION = 1.2;
				PRODUCT_BUNDLE_IDENTIFIER = dev.louis1001.hangul;
				PRODUCT_NAME = "$(TARGET_NAME)";
				PROVISIONING_PROFILE_SPECIFIER = "";
				SWIFT_EMIT_LOC_STRINGS = YES;
				SWIFT_VERSION = 5.0;
				TARGETED_DEVICE_FAMILY = "1,2";
			};
			name = Debug;
		};
		C4911F532925E6E900E0AE7A /* Release */ = {
			isa = XCBuildConfiguration;
			buildSettings = {
				ASSETCATALOG_COMPILER_APPICON_NAME = AppIcon;
				ASSETCATALOG_COMPILER_GLOBAL_ACCENT_COLOR_NAME = AccentColor;
				CODE_SIGN_IDENTITY = "Apple Development";
				CODE_SIGN_STYLE = Automatic;
				CURRENT_PROJECT_VERSION = 1;
				DEVELOPMENT_ASSET_PATHS = "\"hangul-practice/Preview Content\"";
				DEVELOPMENT_TEAM = UZ92ZC5M3A;
				ENABLE_PREVIEWS = YES;
				GENERATE_INFOPLIST_FILE = YES;
				INFOPLIST_FILE = "hangul-practice/Info.plist";
				INFOPLIST_KEY_CFBundleDisplayName = Hangul;
				INFOPLIST_KEY_LSApplicationCategoryType = "public.app-category.education";
				INFOPLIST_KEY_UIApplicationSceneManifest_Generation = YES;
				INFOPLIST_KEY_UIApplicationSupportsIndirectInputEvents = YES;
				INFOPLIST_KEY_UILaunchScreen_Generation = YES;
				INFOPLIST_KEY_UILaunchStoryboardName = LaunchScreen.storyboard;
				INFOPLIST_KEY_UISupportedInterfaceOrientations_iPad = "UIInterfaceOrientationPortrait UIInterfaceOrientationPortraitUpsideDown UIInterfaceOrientationLandscapeLeft UIInterfaceOrientationLandscapeRight";
				INFOPLIST_KEY_UISupportedInterfaceOrientations_iPhone = "UIInterfaceOrientationPortrait UIInterfaceOrientationLandscapeLeft UIInterfaceOrientationLandscapeRight";
				LD_RUNPATH_SEARCH_PATHS = (
					"$(inherited)",
					"@executable_path/Frameworks",
				);
				MARKETING_VERSION = 1.2;
				PRODUCT_BUNDLE_IDENTIFIER = dev.louis1001.hangul;
				PRODUCT_NAME = "$(TARGET_NAME)";
				PROVISIONING_PROFILE_SPECIFIER = "";
				SWIFT_EMIT_LOC_STRINGS = YES;
				SWIFT_VERSION = 5.0;
				TARGETED_DEVICE_FAMILY = "1,2";
			};
			name = Release;
		};
/* End XCBuildConfiguration section */

/* Begin XCConfigurationList section */
		C4911F3E2925E6E700E0AE7A /* Build configuration list for PBXProject "hangul-practice" */ = {
			isa = XCConfigurationList;
			buildConfigurations = (
				C4911F4F2925E6E900E0AE7A /* Debug */,
				C4911F502925E6E900E0AE7A /* Release */,
			);
			defaultConfigurationIsVisible = 0;
			defaultConfigurationName = Release;
		};
		C4911F512925E6E900E0AE7A /* Build configuration list for PBXNativeTarget "hangul-practice" */ = {
			isa = XCConfigurationList;
			buildConfigurations = (
				C4911F522925E6E900E0AE7A /* Debug */,
				C4911F532925E6E900E0AE7A /* Release */,
			);
			defaultConfigurationIsVisible = 0;
			defaultConfigurationName = Release;
		};
/* End XCConfigurationList section */

/* Begin XCRemoteSwiftPackageReference section */
		C4B4643029273A8800AF4343 /* XCRemoteSwiftPackageReference "SwiftyTranslate" */ = {
			isa = XCRemoteSwiftPackageReference;
			repositoryURL = "https://github.com/cpageler93/SwiftyTranslate";
			requirement = {
				branch = master;
				kind = branch;
			};
		};
		C4F13C8D292ADF7800DF5804 /* XCRemoteSwiftPackageReference "hangul-dis-assemble" */ = {
			isa = XCRemoteSwiftPackageReference;
			repositoryURL = "https://github.com/louis1001/hangul-dis-assemble";
			requirement = {
				branch = main;
				kind = branch;
			};
		};
/* End XCRemoteSwiftPackageReference section */

/* Begin XCSwiftPackageProductDependency section */
		C4B4643129273A8800AF4343 /* SwiftyTranslate */ = {
			isa = XCSwiftPackageProductDependency;
			package = C4B4643029273A8800AF4343 /* XCRemoteSwiftPackageReference "SwiftyTranslate" */;
			productName = SwiftyTranslate;
		};
		C4F13C8E292ADF7800DF5804 /* HangulDisAssemble */ = {
			isa = XCSwiftPackageProductDependency;
			package = C4F13C8D292ADF7800DF5804 /* XCRemoteSwiftPackageReference "hangul-dis-assemble" */;
			productName = HangulDisAssemble;
		};
/* End XCSwiftPackageProductDependency section */
	};
	rootObject = C4911F3B2925E6E700E0AE7A /* Project object */;
}
